github.com/gearintellix/serr v1.1.0 h1:UFCgmq+ngqs78KoDWuvF0ajM2uSdCJ7S/CRWscZKdXE=
github.com/gearintellix/serr v1.1.0/go.mod h1:8dC/o0oNAby8jHGS+XMRz2R2c2pV3gMCAqjZBrgKFmA=
github.com/go-errors/errors v1.0.1 h1:LUHzmkK3GUKUrL/1gfBUxAHzcev3apQlezX/+O7ma6w=
github.com/go-errors/errors v1.0.1/go.mod h1:f4zRHt4oKfwPJE5k8C9vpYG+aDHdBFUsgrm6/TyX73Q=
